{
  "version": 4,
  "terraform_version": "1.14.5",
  "serial": 2,
  "lineage": "cf44ba76-11c0-a9fd-1450-07996770b321",
  "outputs": {},
  "resources": [
    {
      "mode": "managed",
      "type": "aws_security_group",
      "name": "payment_database_firewall",
      "provider": "provider[\"registry.terraform.io/hashicorp/aws\"]",
      "instances": [
        {
          "schema_version": 1,
          "attributes": {
            "arn": "arn:aws:ec2:us-east-1:844416514196:security-group/sg-024d4951c486fe6a3",
            "description": "Managed by Terraform",
            "egress": [],
            "id": "sg-024d4951c486fe6a3",
            "ingress": [],
            "name": "database_firewall",
            "name_prefix": "",
            "owner_id": "844416514196",
            "region": "us-east-1",
            "revoke_rules_on_delete": false,
            "tags": {},
            "tags_all": {},
            "timeouts": null,
            "vpc_id": "vpc-004d3065b8de617b4"
          },
          "sensitive_attributes": [],
          "identity_schema_version": 0,
          "identity": {
            "account_id": "844416514196",
            "id": "sg-024d4951c486fe6a3",
            "region": "us-east-1"
          },
          "private": "eyJlMmJmYjczMC1lY2FhLTExZTYtOGY4OC0zNDM2M2JjN2M0YzAiOnsiY3JlYXRlIjo2MDAwMDAwMDAwMDAsImRlbGV0ZSI6OTAwMDAwMDAwMDAwfSwic2NoZW1hX3ZlcnNpb24iOiIxIn0="
        }
      ]
    }
  ],
  "check_results": null
}
