{
  "version": 4,
  "terraform_version": "1.14.5",
  "serial": 1,
  "lineage": "7ba8dde9-9ac9-b358-0d9b-70ec3e3d5f0a",
  "outputs": {},
  "resources": [
    {
      "mode": "managed",
      "type": "aws_iam_user",
      "name": "lb",
      "provider": "provider[\"registry.terraform.io/hashicorp/aws\"]",
      "instances": [
        {
          "schema_version": 0,
          "attributes": {
            "arn": "arn:aws:iam::844416514196:user/LoadBalancerUser",
            "force_destroy": false,
            "id": "LoadBalancerUser",
            "name": "LoadBalancerUser",
            "path": "/",
            "permissions_boundary": "",
            "tags": null,
            "tags_all": {},
            "unique_id": "AIDA4JGZFPCKJXOMDI2NA"
          },
          "sensitive_attributes": [],
          "identity_schema_version": 0,
          "private": "bnVsbA=="
        }
      ]
    }
  ],
  "check_results": null
}
