{
  "version": 4,
  "terraform_version": "1.14.5",
  "serial": 2,
  "lineage": "20149bdf-efae-7234-4db4-7694fcad1ff0",
  "outputs": {},
  "resources": [
    {
      "mode": "data",
      "type": "http",
      "name": "example",
      "provider": "provider[\"registry.terraform.io/hashicorp/http\"]",
      "instances": [
        {
          "schema_version": 0,
          "attributes": {
            "body": null,
            "ca_cert_pem": null,
            "client_cert_pem": null,
            "client_key_pem": null,
            "id": null,
            "insecure": null,
            "method": null,
            "request_body": null,
            "request_headers": null,
            "request_timeout_ms": null,
            "response_body": null,
            "response_body_base64": null,
            "response_headers": null,
            "retry": null,
            "status_code": null,
            "url": "https://www.example1234e4.com"
          },
          "sensitive_attributes": [],
          "identity_schema_version": 0
        }
      ]
    },
    {
      "mode": "managed",
      "type": "local_file",
      "name": "foo",
      "provider": "provider[\"registry.terraform.io/hashicorp/local\"]",
      "instances": [
        {
          "schema_version": 0,
          "attributes": {
            "content": "Hello, World!",
            "content_base64": null,
            "content_base64sha256": "3/1gIbsr1bCvZ2KQgJ7DpTGR3YHH9wpLKGiKNiGCmG8=",
            "content_base64sha512": "N015SpXNz9izWZMYX++bo2jxYNja9DLQi6nx7R5avmzGkpHg+i/gAGpSVw7xjBne9OYXwzzlLvCm5fvjGMsDhw==",
            "content_md5": "65a8e27d8879283831b664bd8b7f0ad4",
            "content_sha1": "0a0a9f2a6772942557ab5355d76af442f8f65e01",
            "content_sha256": "dffd6021bb2bd5b0af676290809ec3a53191dd81c7f70a4b28688a362182986f",
            "content_sha512": "374d794a95cdcfd8b35993185fef9ba368f160d8daf432d08ba9f1ed1e5abe6cc69291e0fa2fe0006a52570ef18c19def4e617c33ce52ef0a6e5fbe318cb0387",
            "directory_permission": "0777",
            "file_permission": "0777",
            "filename": "./foo.txt",
            "id": "0a0a9f2a6772942557ab5355d76af442f8f65e01",
            "sensitive_content": null,
            "source": null
          },
          "sensitive_attributes": [
            [
              {
                "type": "get_attr",
                "value": "sensitive_content"
              }
            ]
          ],
          "identity_schema_version": 0
        }
      ]
    }
  ],
  "check_results": [
    {
      "object_kind": "check",
      "config_addr": "check.website_checker",
      "status": "fail",
      "objects": [
        {
          "object_addr": "check.website_checker",
          "status": "fail",
          "failure_messages": [
            "Error making request: Error making request: GET https://www.example1234e4.com giving up after 1 attempt(s): Get \"https://www.example1234e4.com\": dial tcp: lookup www.example1234e4.com: no such host"
          ]
        }
      ]
    }
  ]
}
